lockfileVersion: '9.0'

settings:
  autoInstallPeers: true
  excludeLinksFromLockfile: false

importers:

  .:
    dependencies:
      playwright:
        specifier: ^1.54.1
        version: 1.54.1
    devDependencies:
      '@oxc-node/core':
        specifier: ^0.0.29
        version: 0.0.29
      '@types/node':
        specifier: ^24.0.13
        version: 24.0.13
      cross-env:
        specifier: ^7.0.3
        version: 7.0.3
      typescript:
        specifier: 5.9.0-beta
        version: 5.9.0-beta

packages:

  '@emnapi/core@1.4.4':
    resolution: {integrity: sha512-A9CnAbC6ARNMKcIcrQwq6HeHCjpcBZ5wSx4U01WXCqEKlrzB9F9315WDNHkrs2xbx7YjjSxbUYxuN6EQzpcY2g==}

  '@emnapi/runtime@1.4.4':
    resolution: {integrity: sha512-hHyapA4A3gPaDCNfiqyZUStTMqIkKRshqPIuDOXv1hcBnD4U3l8cP0T1HMCfGRxQ6V64TGCcoswChANyOAwbQg==}

  '@emnapi/wasi-threads@1.0.3':
    resolution: {integrity: sha512-8K5IFFsQqF9wQNJptGbS6FNKgUTsSRYnTqNCG1vPP8jFdjSv18n2mQfJpkt2Oibo9iBEzcDnDxNwKTzC7svlJw==}

  '@napi-rs/wasm-runtime@0.2.12':
    resolution: {integrity: sha512-ZVWUcfwY4E/yPitQJl481FjFo3K22D6qF0DuFH6Y/nbnE11GY5uguDxZMGXPQ8WQ0128MXQD7TnfHyK4oWoIJQ==}

  '@oxc-node/core-android-arm-eabi@0.0.29':
    resolution: {integrity: sha512-WI9uTiqY9s3jdPWzL5D+GaXyidhyMDRa6Zr+M0uc/CpKFTg9bv5qrSJf/0qhqJSZo+4DTHUZiMu9Lj3ZJgbCoA==}
    cpu: [arm]
    os: [android]

  '@oxc-node/core-android-arm64@0.0.29':
    resolution: {integrity: sha512-1Kv+/83ZVrMN+oox6Mg3072HnRtbn5Jljq1zGjHDb4OLjTU0vxpXQ4ydXMNIcq7EmfYLs8oRQTItjWnB5OwCMQ==}
    cpu: [arm64]
    os: [android]

  '@oxc-node/core-darwin-arm64@0.0.29':
    resolution: {integrity: sha512-Epe+WJmkMUkcKV5ZI6qxoxucVduo6hyu3uvw3XeVf/BHDUEXbleSLFkTNOCXEEAEX76F9rvNYknePyvo816t4Q==}
    cpu: [arm64]
    os: [darwin]

  '@oxc-node/core-darwin-x64@0.0.29':
    resolution: {integrity: sha512-ZBwDmf3cPC3hKKJz3ruGSNYY/XcPK4qZqr7ubYDvqy2BYaTJv5Ox05n5znVt0HUb28PvN4HJIW8L0ToBJKnt8w==}
    cpu: [x64]
    os: [darwin]

  '@oxc-node/core-freebsd-x64@0.0.29':
    resolution: {integrity: sha512-4eT6Sw/Ppr/yZshWpxH3qJ0t6LkwlzjmdaeVsG2wu/px00ceXRwY31ZZv1Ntr1hmfPm8TWNzuraC9d/ecMkKAA==}
    cpu: [x64]
    os: [freebsd]

  '@oxc-node/core-linux-arm-gnueabihf@0.0.29':
    resolution: {integrity: sha512-2mJeaXG6Iyc273hBRz16mg0wVE0k2dj8vjkH5yAKFYBSN/jfFnT6m2+xmJWoB5zc7e9lvMhE4vWhQhvWBLckrQ==}
    cpu: [arm]
    os: [linux]

  '@oxc-node/core-linux-arm64-gnu@0.0.29':
    resolution: {integrity: sha512-Dg67KQTpt8tFXwIlABzzCWq2wLLnKhiRyH0FvF4eugj5LCoe3eHAU4o4uipGVXhQ+xIDSViZXu946ZW8a1Rowg==}
    cpu: [arm64]
    os: [linux]

  '@oxc-node/core-linux-arm64-musl@0.0.29':
    resolution: {integrity: sha512-/0/i+NsTxq2KxseT50Llrs7ZxGmaxaBpdG4SIrMxdSqUBxpxRPs98lzPH+SQjKtU0GGVlVfSzS9NQn+ZBbMF/Q==}
    cpu: [arm64]
    os: [linux]

  '@oxc-node/core-linux-ppc64-gnu@0.0.29':
    resolution: {integrity: sha512-Lm1zGis3pDZI28mA6IKuRjAUXqMyZC4YzMzXbCNYr5Ysi3HO9o8lo/x+nKM3tdtHrKHd2HD8tE7BiUlUBBmU9g==}
    cpu: [ppc64]
    os: [linux]

  '@oxc-node/core-linux-s390x-gnu@0.0.29':
    resolution: {integrity: sha512-y9d+klgCeLInUozRfwVYBeTc9A6DQgvnao9UqnxYTc4O2AOFOTwZkpDw/ouz4jwmk2eXyRmuDLm1kGbjODxSBA==}
    cpu: [s390x]
    os: [linux]

  '@oxc-node/core-linux-x64-gnu@0.0.29':
    resolution: {integrity: sha512-rdhOFthOi/VG7NkmlzAouY7DJKmz3UFDzW+JSTUjo3FuvUtnKGHZUv28hgc+Pp73IBW7zXbqZEON4Q+6FnEE6Q==}
    cpu: [x64]
    os: [linux]

  '@oxc-node/core-linux-x64-musl@0.0.29':
    resolution: {integrity: sha512-jm8ECk0AxYO/Aq9Tr+FoqyFaxbL2x+eda0JBQMm9o9uzzK3uQM6Wouab64khcKnfdgCWgaC/o9ul2itwYrXltw==}
    cpu: [x64]
    os: [linux]

  '@oxc-node/core-wasm32-wasi@0.0.29':
    resolution: {integrity: sha512-sbC5SyG5/JtvZ11p4E6mv3v59ohxYvW2gQQg2eHfCqJv8yCHr3TMdxDrT+eOU8G29348EML7vtJ5aFpQls+/Mw==}
    engines: {node: '>=14.0.0'}
    cpu: [wasm32]

  '@oxc-node/core-win32-arm64-msvc@0.0.29':
    resolution: {integrity: sha512-pasWpnOOrZW/nM6rWDGygiB/VSbAU8nMOiQMXUUfwdl1cV5AjEPEOzDJ/94gZRlZllh1+i1fmK5n7usZBf4Wgw==}
    cpu: [arm64]
    os: [win32]

  '@oxc-node/core-win32-ia32-msvc@0.0.29':
    resolution: {integrity: sha512-dN95Zp3BWXt0LfueY5nmYdJ6uCxE7MgW0eomOQXafO947cmwm3OIvSK0jEM7bzkfWZrb4euzT1rKwByXYmFmzw==}
    cpu: [ia32]
    os: [win32]

  '@oxc-node/core-win32-x64-msvc@0.0.29':
    resolution: {integrity: sha512-dx4Kt7HXeCWUr6slxN8ttFR/Gq+1g85miKJI7TY9ef4n3VThFlp4+Xua5B+z2X0uix+9UVWSSp+XpepgIokzpw==}
    cpu: [x64]
    os: [win32]

  '@oxc-node/core@0.0.29':
    resolution: {integrity: sha512-jvrGP+zrA/3mQbcNgYswTst7/IRXc1XOZKjcR14X/rzdbxdKehoxRfQlqK2nydmirfe1cY6Ihu1DM0HhlPqsig==}

  '@tybys/wasm-util@0.10.0':
    resolution: {integrity: sha512-VyyPYFlOMNylG45GoAe0xDoLwWuowvf92F9kySqzYh8vmYm7D2u4iUJKa1tOUpS70Ku13ASrOkS4ScXFsTaCNQ==}

  '@types/node@24.0.13':
    resolution: {integrity: sha512-Qm9OYVOFHFYg3wJoTSrz80hoec5Lia/dPp84do3X7dZvLikQvM1YpmvTBEdIr/e+U8HTkFjLHLnl78K/qjf+jQ==}

  cross-env@7.0.3:
    resolution: {integrity: sha512-+/HKd6EgcQCJGh2PSjZuUitQBQynKor4wrFbRg4DtAgS1aWO+gU52xpH7M9ScGgXSYmAVS9bIJ8EzuaGw0oNAw==}
    engines: {node: '>=10.14', npm: '>=6', yarn: '>=1'}
    hasBin: true

  cross-spawn@7.0.6:
    resolution: {integrity: sha512-uV2QOWP2nWzsy2aMp8aRibhi9dlzF5Hgh5SHaB9OiTGEyDTiJJyx0uy51QXdyWbtAHNua4XJzUKca3OzKUd3vA==}
    engines: {node: '>= 8'}

  fsevents@2.3.2:
    resolution: {integrity: sha512-xiqMQR4xAeHTuB9uWm+fFRcIOgKBMiOBP+eXiyT7jsgVCq1bkVygt00oASowB7EdtpOHaaPgKt812P9ab+DDKA==}
    engines: {node: ^8.16.0 || ^10.6.0 || >=11.0.0}
    os: [darwin]

  isexe@2.0.0:
    resolution: {integrity: sha512-RHxMLp9lnKHGHRng9QFhRCMbYAcVpn69smSGcq3f36xjgVVWThj4qqLbTLlq7Ssj8B+fIQ1EuCEGI2lKsyQeIw==}

  path-key@3.1.1:
    resolution: {integrity: sha512-ojmeN0qd+y0jszEtoY48r0Peq5dwMEkIlCOu6Q5f41lfkswXuKtYrhgoTpLnyIcHm24Uhqx+5Tqm2InSwLhE6Q==}
    engines: {node: '>=8'}

  pirates@4.0.7:
    resolution: {integrity: sha512-TfySrs/5nm8fQJDcBDuUng3VOUKsd7S+zqvbOTiGXHfxX4wK31ard+hoNuvkicM/2YFzlpDgABOevKSsB4G/FA==}
    engines: {node: '>= 6'}

  playwright-core@1.54.1:
    resolution: {integrity: sha512-Nbjs2zjj0htNhzgiy5wu+3w09YetDx5pkrpI/kZotDlDUaYk0HVA5xrBVPdow4SAUIlhgKcJeJg4GRKW6xHusA==}
    engines: {node: '>=18'}
    hasBin: true

  playwright@1.54.1:
    resolution: {integrity: sha512-peWpSwIBmSLi6aW2auvrUtf2DqY16YYcCMO8rTVx486jKmDTJg7UAhyrraP98GB8BoPURZP8+nxO7TSd4cPr5g==}
    engines: {node: '>=18'}
    hasBin: true

  shebang-command@2.0.0:
    resolution: {integrity: sha512-kHxr2zZpYtdmrN1qDjrrX/Z1rR1kG8Dx+gkpK1G4eXmvXswmcE1hTWBWYUzlraYw1/yZp6YuDY77YtvbN0dmDA==}
    engines: {node: '>=8'}

  shebang-regex@3.0.0:
    resolution: {integrity: sha512-7++dFhtcx3353uBaq8DDR4NuxBetBzC7ZQOhmTQInHEd6bSrXdiEyzCvG07Z44UYdLShWUyXt5M/yhz8ekcb1A==}
    engines: {node: '>=8'}

  tslib@2.8.1:
    resolution: {integrity: sha512-oJFu94HQb+KVduSUQL7wnpmqnfmLsOA/nAh6b6EH0wCEoK0/mPeXU6c3wKDV83MkOuHPRHtSXKKU99IBazS/2w==}

  typescript@5.9.0-beta:
    resolution: {integrity: sha512-p91qoTdwWKj9YEBYavmGiBn0DF4OBElzw4pW4oPbK4HeCfr/SDz9+yviVWshZXGvGvFCJ3AVQ+J7F1UZXc23QQ==}
    engines: {node: '>=14.17'}
    hasBin: true

  undici-types@7.8.0:
    resolution: {integrity: sha512-9UJ2xGDvQ43tYyVMpuHlsgApydB8ZKfVYTsLDhXkFL/6gfkp+U8xTGdh8pMJv1SpZna0zxG1DwsKZsreLbXBxw==}

  which@2.0.2:
    resolution: {integrity: sha512-BLI3Tl1TW3Pvl70l3yq3Y64i+awpwXqsGBYWkkqMtnbXgrMD+yj7rhW0kuEDxzJaYXGjEW5ogapKNMEKNMjibA==}
    engines: {node: '>= 8'}
    hasBin: true

snapshots:

  '@emnapi/core@1.4.4':
    dependencies:
      '@emnapi/wasi-threads': 1.0.3
      tslib: 2.8.1
    optional: true

  '@emnapi/runtime@1.4.4':
    dependencies:
      tslib: 2.8.1
    optional: true

  '@emnapi/wasi-threads@1.0.3':
    dependencies:
      tslib: 2.8.1
    optional: true

  '@napi-rs/wasm-runtime@0.2.12':
    dependencies:
      '@emnapi/core': 1.4.4
      '@emnapi/runtime': 1.4.4
      '@tybys/wasm-util': 0.10.0
    optional: true

  '@oxc-node/core-android-arm-eabi@0.0.29':
    optional: true

  '@oxc-node/core-android-arm64@0.0.29':
    optional: true

  '@oxc-node/core-darwin-arm64@0.0.29':
    optional: true

  '@oxc-node/core-darwin-x64@0.0.29':
    optional: true

  '@oxc-node/core-freebsd-x64@0.0.29':
    optional: true

  '@oxc-node/core-linux-arm-gnueabihf@0.0.29':
    optional: true

  '@oxc-node/core-linux-arm64-gnu@0.0.29':
    optional: true

  '@oxc-node/core-linux-arm64-musl@0.0.29':
    optional: true

  '@oxc-node/core-linux-ppc64-gnu@0.0.29':
    optional: true

  '@oxc-node/core-linux-s390x-gnu@0.0.29':
    optional: true

  '@oxc-node/core-linux-x64-gnu@0.0.29':
    optional: true

  '@oxc-node/core-linux-x64-musl@0.0.29':
    optional: true

  '@oxc-node/core-wasm32-wasi@0.0.29':
    dependencies:
      '@napi-rs/wasm-runtime': 0.2.12
    optional: true

  '@oxc-node/core-win32-arm64-msvc@0.0.29':
    optional: true

  '@oxc-node/core-win32-ia32-msvc@0.0.29':
    optional: true

  '@oxc-node/core-win32-x64-msvc@0.0.29':
    optional: true

  '@oxc-node/core@0.0.29':
    dependencies:
      pirates: 4.0.7
    optionalDependencies:
      '@oxc-node/core-android-arm-eabi': 0.0.29
      '@oxc-node/core-android-arm64': 0.0.29
      '@oxc-node/core-darwin-arm64': 0.0.29
      '@oxc-node/core-darwin-x64': 0.0.29
      '@oxc-node/core-freebsd-x64': 0.0.29
      '@oxc-node/core-linux-arm-gnueabihf': 0.0.29
      '@oxc-node/core-linux-arm64-gnu': 0.0.29
      '@oxc-node/core-linux-arm64-musl': 0.0.29
      '@oxc-node/core-linux-ppc64-gnu': 0.0.29
      '@oxc-node/core-linux-s390x-gnu': 0.0.29
      '@oxc-node/core-linux-x64-gnu': 0.0.29
      '@oxc-node/core-linux-x64-musl': 0.0.29
      '@oxc-node/core-wasm32-wasi': 0.0.29
      '@oxc-node/core-win32-arm64-msvc': 0.0.29
      '@oxc-node/core-win32-ia32-msvc': 0.0.29
      '@oxc-node/core-win32-x64-msvc': 0.0.29

  '@tybys/wasm-util@0.10.0':
    dependencies:
      tslib: 2.8.1
    optional: true

  '@types/node@24.0.13':
    dependencies:
      undici-types: 7.8.0

  cross-env@7.0.3:
    dependencies:
      cross-spawn: 7.0.6

  cross-spawn@7.0.6:
    dependencies:
      path-key: 3.1.1
      shebang-command: 2.0.0
      which: 2.0.2

  fsevents@2.3.2:
    optional: true

  isexe@2.0.0: {}

  path-key@3.1.1: {}

  pirates@4.0.7: {}

  playwright-core@1.54.1: {}

  playwright@1.54.1:
    dependencies:
      playwright-core: 1.54.1
    optionalDependencies:
      fsevents: 2.3.2

  shebang-command@2.0.0:
    dependencies:
      shebang-regex: 3.0.0

  shebang-regex@3.0.0: {}

  tslib@2.8.1:
    optional: true

  typescript@5.9.0-beta: {}

  undici-types@7.8.0: {}

  which@2.0.2:
    dependencies:
      isexe: 2.0.0
